
Microsoft Visual Studio Solution File, Format Version 12.00
# Visual Studio Version 17
VisualStudioVersion = 17.8.34511.84
MinimumVisualStudioVersion = 10.0.40219.1
Project("{FAE04EC0-301F-11D3-BF4B-00C04F79EFBC}") = "NewRestaurant", "NewRestaurant\NewRestaurant.csproj", "{190A5F7A-3DBA-40B0-A909-50FA6D0F09D4}"
EndProject
Global
	GlobalSection(SolutionConfigurationPlatforms) = preSolution
		Debug|Any CPU = Debug|Any CPU
		Release|Any CPU = Release|Any CPU
	EndGlobalSection
	GlobalSection(ProjectConfigurationPlatforms) = postSolution
		{190A5F7A-3DBA-40B0-A909-50FA6D0F09D4}.Debug|Any CPU.ActiveCfg = Debug|Any CPU
		{190A5F7A-3DBA-40B0-A909-50FA6D0F09D4}.Debug|Any CPU.Build.0 = Debug|Any CPU
		{190A5F7A-3DBA-40B0-A909-50FA6D0F09D4}.Release|Any CPU.ActiveCfg = Release|Any CPU
		{190A5F7A-3DBA-40B0-A909-50FA6D0F09D4}.Release|Any CPU.Build.0 = Release|Any CPU
	EndGlobalSection
	GlobalSection(SolutionProperties) = preSolution
		HideSolutionNode = FALSE
	EndGlobalSection
	GlobalSection(ExtensibilityGlobals) = postSolution
		SolutionGuid = {BC439B74-D574-41C2-921E-41D5BA7E6E8A}
	EndGlobalSection
EndGlobal
